{
  "name": "environments",
  "version": "1.2.7",
  "lockfileVersion": 2,
  "requires": true,
  "packages": {
    "": {
      "name": "environments",
      "version": "1.2.7",
      "license": "ISC",
      "funding": {
        "type": "github",
        "url": "https://github.com/sponsors/cris691"
      }
    }
  }
}
